
Microsoft Visual Studio Solution File, Format Version 12.00
Project("{FAE04EC0-301F-11D3-BF4B-00C04F79EFBC}") = "BYDPlatform.Api", "BYDPlatform.Api.csproj", "{2E783764-146F-41C2-B53B-C912569008B8}"
EndProject
Project("{FAE04EC0-301F-11D3-BF4B-00C04F79EFBC}") = "BYDPlatform.Application", "..\BYDPlatform.Application\BYDPlatform.Application.csproj", "{4DBFE301-D35A-453E-9E02-40C668B70C29}"
EndProject
Project("{FAE04EC0-301F-11D3-BF4B-00C04F79EFBC}") = "BYDPlatform.Domain", "..\BYDPlatform.Domain\BYDPlatform.Domain.csproj", "{1A2848C4-2B50-4FAD-B6ED-02CD15A26D06}"
EndProject
Project("{FAE04EC0-301F-11D3-BF4B-00C04F79EFBC}") = "BYDPlatform.Infrastructure", "..\BYDPlatform.Infrastructure\BYDPlatform.Infrastructure.csproj", "{A956EE71-117D-4E35-B797-CDC064F17F8D}"
EndProject
Global
	GlobalSection(SolutionConfigurationPlatforms) = preSolution
		Debug|Any CPU = Debug|Any CPU
		Release|Any CPU = Release|Any CPU
	EndGlobalSection
	GlobalSection(ProjectConfigurationPlatforms) = postSolution
		{2E783764-146F-41C2-B53B-C912569008B8}.Debug|Any CPU.ActiveCfg = Debug|Any CPU
		{2E783764-146F-41C2-B53B-C912569008B8}.Debug|Any CPU.Build.0 = Debug|Any CPU
		{2E783764-146F-41C2-B53B-C912569008B8}.Release|Any CPU.ActiveCfg = Release|Any CPU
		{2E783764-146F-41C2-B53B-C912569008B8}.Release|Any CPU.Build.0 = Release|Any CPU
		{4DBFE301-D35A-453E-9E02-40C668B70C29}.Debug|Any CPU.ActiveCfg = Debug|Any CPU
		{4DBFE301-D35A-453E-9E02-40C668B70C29}.Debug|Any CPU.Build.0 = Debug|Any CPU
		{4DBFE301-D35A-453E-9E02-40C668B70C29}.Release|Any CPU.ActiveCfg = Release|Any CPU
		{4DBFE301-D35A-453E-9E02-40C668B70C29}.Release|Any CPU.Build.0 = Release|Any CPU
		{1A2848C4-2B50-4FAD-B6ED-02CD15A26D06}.Debug|Any CPU.ActiveCfg = Debug|Any CPU
		{1A2848C4-2B50-4FAD-B6ED-02CD15A26D06}.Debug|Any CPU.Build.0 = Debug|Any CPU
		{1A2848C4-2B50-4FAD-B6ED-02CD15A26D06}.Release|Any CPU.ActiveCfg = Release|Any CPU
		{1A2848C4-2B50-4FAD-B6ED-02CD15A26D06}.Release|Any CPU.Build.0 = Release|Any CPU
		{A956EE71-117D-4E35-B797-CDC064F17F8D}.Debug|Any CPU.ActiveCfg = Debug|Any CPU
		{A956EE71-117D-4E35-B797-CDC064F17F8D}.Debug|Any CPU.Build.0 = Debug|Any CPU
		{A956EE71-117D-4E35-B797-CDC064F17F8D}.Release|Any CPU.ActiveCfg = Release|Any CPU
		{A956EE71-117D-4E35-B797-CDC064F17F8D}.Release|Any CPU.Build.0 = Release|Any CPU
	EndGlobalSection
EndGlobal
